# THIS IS AN AUTOGENERATED FILE. DO NOT EDIT THIS FILE DIRECTLY.
# yarn lockfile v1


flot@0.8.0-alpha:
  version "0.8.0-alpha"
  resolved "https://registry.yarnpkg.com/flot/-/flot-0.8.0-alpha.tgz#9cbbc7147c10a47d2549db90bd2987ec1ba784ba"
  integrity sha1-nLvHFHwQpH0lSduQvSmH7BunhLo=

pazpar2-js-client@^1.0.0:
  version "1.0.1"
  resolved "https://registry.yarnpkg.com/pazpar2-js-client/-/pazpar2-js-client-1.0.1.tgz#a701788921673f98f2488051352a584d60442f67"
  integrity sha1-pwF4iSFnP5jySIBRNSpYTWBEL2c=
  dependencies:
    flot "0.8.0-alpha"
    sub-iconfont "^1.0.0"

sub-iconfont@^1.0.0:
  version "1.0.0"
  resolved "https://registry.yarnpkg.com/sub-iconfont/-/sub-iconfont-1.0.0.tgz#06230e7ed33fa25d519c5cb921a2c073b690de20"
  integrity sha1-BiMOftM/ol1RnFy5IaLAc7aQ3iA=
